// !$*UTF8*$!
{
	archiveVersion = 1;
	classes = {
	};
	objectVersion = 46;
	objects = {

/* Begin PBXBuildFile section */
		2D3FC0461D0EB2DC00A9949F /* AppDelegate.swift in Sources */ = {isa = PBXBuildFile; fileRef = 2D3FC0451D0EB2DC00A9949F /* AppDelegate.swift */; };
		2D3FC0481D0EB2DC00A9949F /* ViewController.swift in Sources */ = {isa = PBXBuildFile; fileRef = 2D3FC0471D0EB2DC00A9949F /* ViewController.swift */; };
		2D3FC04B1D0EB2DC00A9949F /* Main.storyboard in Resources */ = {isa = PBXBuildFile; fileRef = 2D3FC0491D0EB2DC00A9949F /* Main.storyboard */; };
		2D3FC04D1D0EB2DC00A9949F /* Assets.xcassets in Resources */ = {isa = PBXBuildFile; fileRef = 2D3FC04C1D0EB2DC00A9949F /* Assets.xcassets */; };
		2D3FC0501D0EB2DC00A9949F /* LaunchScreen.storyboard in Resources */ = {isa = PBXBuildFile; fileRef = 2D3FC04E1D0EB2DC00A9949F /* LaunchScreen.storyboard */; };
/* End PBXBuildFile section */

/* Begin PBXFileReference section */
		04CC522C1D12983900A962F4 /* SoccerCoordinator.playground */ = {isa = PBXFileReference; lastKnownFileType = file.playground; path = SoccerCoordinator.playground; sourceTree = "<group>"; };
		2D3FC0421D0EB2DC00A9949F /* SoccerCoordinator.app */ = {isa = PBXFileReference; explicitFileType = wrapper.application; includeInIndex = 0; path = SoccerCoordinator.app; sourceTree = BUILT_PRODUCTS_DIR; };
		2D3FC0451D0EB2DC00A9949F /* AppDelegate.swift */ = {isa = PBXFileReference; lastKnownFileType = sourcecode.swift; path = AppDelegate.swift; sourceTree = "<group>"; };
		2D3FC0471D0EB2DC00A9949F /* ViewController.swift */ = {isa = PBXFileReference; lastKnownFileType = sourcecode.swift; path = ViewController.swift; sourceTree = "<group>"; };
		2D3FC04A1D0EB2DC00A9949F /* Base */ = {isa = PBXFileReference; lastKnownFileType = file.storyboard; name = Base; path = Base.lproj/Main.storyboard; sourceTree = "<group>"; };
		2D3FC04C1D0EB2DC00A9949F /* Assets.xcassets */ = {isa = PBXFileReference; lastKnownFileType = folder.assetcatalog; path = Assets.xcassets; sourceTree = "<group>"; };
		2D3FC04F1D0EB2DC00A9949F /* Base */ = {isa = PBXFileReference; lastKnownFileType = file.storyboard; name = Base; path = Base.lproj/LaunchScreen.storyboard; sourceTree = "<group>"; };
		2D3FC0511D0EB2DC00A9949F /* Info.plist */ = {isa = PBXFileReference; lastKnownFileType = text.plist.xml; path = Info.plist; sourceTree = "<group>"; };
/* End PBXFileReference section */

/* Begin PBXFrameworksBuildPhase section */
		2D3FC03F1D0EB2DC00A9949F /* Frameworks */ = {
			isa = PBXFrameworksBuildPhase;
			buildActionMask = 2147483647;
			files = (
			);
			runOnlyForDeploymentPostprocessing = 0;
		};
/* End PBXFrameworksBuildPhase section */

/* Begin PBXGroup section */
		2D3FC0391D0EB2DC00A9949F = {
			isa = PBXGroup;
			children = (
				2D3FC0441D0EB2DC00A9949F /* SoccerCoordinator */,
				2D3FC0431D0EB2DC00A9949F /* Products */,
			);
			sourceTree = "<group>";
		};
		2D3FC0431D0EB2DC00A9949F /* Products */ = {
			isa = PBXGroup;
			children = (
				2D3FC0421D0EB2DC00A9949F /* SoccerCoordinator.app */,
			);
			name = Products;
			sourceTree = "<group>";
		};
		2D3FC0441D0EB2DC00A9949F /* SoccerCoordinator */ = {
			isa = PBXGroup;
			children = (
				04CC522C1D12983900A962F4 /* SoccerCoordinator.playground */,
				2D3FC0451D0EB2DC00A9949F /* AppDelegate.swift */,
				2D3FC0471D0EB2DC00A9949F /* ViewController.swift */,
				2D3FC0491D0EB2DC00A9949F /* Main.storyboard */,
				2D3FC04C1D0EB2DC00A9949F /* Assets.xcassets */,
				2D3FC04E1D0EB2DC00A9949F /* LaunchScreen.storyboard */,
				2D3FC0511D0EB2DC00A9949F /* Info.plist */,
			);
			path = SoccerCoordinator;
			sourceTree = "<group>";
		};
/* End PBXGroup section */

/* Begin PBXNativeTarget section */
		2D3FC0411D0EB2DC00A9949F /* SoccerCoordinator */ = {
			isa = PBXNativeTarget;
			buildConfigurationList = 2D3FC0541D0EB2DC00A9949F /* Build configuration list for PBXNativeTarget "SoccerCoordinator" */;
			buildPhases = (
				2D3FC03E1D0EB2DC00A9949F /* Sources */,
				2D3FC03F1D0EB2DC00A9949F /* Frameworks */,
				2D3FC0401D0EB2DC00A9949F /* Resources */,
			);
			buildRules = (
			);
			dependencies = (
			);
			name = SoccerCoordinator;
			productName = SoccerCoordinator;
			productReference = 2D3FC0421D0EB2DC00A9949F /* SoccerCoordinator.app */;
			productType = "com.apple.product-type.application";
		};
/* End PBXNativeTarget section */

/* Begin PBXProject section */
		2D3FC03A1D0EB2DC00A9949F /* Project object */ = {
			isa = PBXProject;
			attributes = {
				LastSwiftUpdateCheck = 0730;
				LastUpgradeCheck = 0730;
				ORGANIZATIONNAME = James;
				TargetAttributes = {
					2D3FC0411D0EB2DC00A9949F = {
						CreatedOnToolsVersion = 7.3.1;
					};
				};
			};
			buildConfigurationList = 2D3FC03D1D0EB2DC00A9949F /* Build configuration list for PBXProject "SoccerCoordinator" */;
			compatibilityVersion = "Xcode 3.2";
			developmentRegion = English;
			hasScannedForEncodings = 0;
			knownRegions = (
				en,
				Base,
			);
			mainGroup = 2D3FC0391D0EB2DC00A9949F;
			productRefGroup = 2D3FC0431D0EB2DC00A9949F /* Products */;
			projectDirPath = "";
			projectRoot = "";
			targets = (
				2D3FC0411D0EB2DC00A9949F /* SoccerCoordinator */,
			);
		};
/* End PBXProject section */

/* Begin PBXResourcesBuildPhase section */
		2D3FC0401D0EB2DC00A9949F /* Resources */ = {
			isa = PBXResourcesBuildPhase;
			buildActionMask = 2147483647;
			files = (
				2D3FC0501D0EB2DC00A9949F /* LaunchScreen.storyboard in Resources */,
				2D3FC04D1D0EB2DC00A9949F /* Assets.xcassets in Resources */,
				2D3FC04B1D0EB2DC00A9949F /* Main.storyboard in Resources */,
			);
			runOnlyForDeploymentPostprocessing = 0;
		};
/* End PBXResourcesBuildPhase section */

/* Begin PBXSourcesBuildPhase section */
		2D3FC03E1D0EB2DC00A9949F /* Sources */ = {
			isa = PBXSourcesBuildPhase;
			buildActionMask = 2147483647;
			files = (
				2D3FC0481D0EB2DC00A9949F /* ViewController.swift in Sources */,
				2D3FC0461D0EB2DC00A9949F /* AppDelegate.swift in Sources */,
			);
			runOnlyForDeploymentPostprocessing = 0;
		};
/* End PBXSourcesBuildPhase section */

/* Begin PBXVariantGroup section */
		2D3FC0491D0EB2DC00A9949F /* Main.storyboard */ = {
			isa = PBXVariantGroup;
			children = (
				2D3FC04A1D0EB2DC00A9949F /* Base */,
			);
			name = Main.storyboard;
			sourceTree = "<group>";
		};
		2D3FC04E1D0EB2DC00A9949F /* LaunchScreen.storyboard */ = {
			isa = PBXVariantGroup;
			children = (
				2D3FC04F1D0EB2DC00A9949F /* Base */,
			);
			name = LaunchScreen.storyboard;
			sourceTree = "<group>";
		};
/* End PBXVariantGroup section */

/* Begin XCBuildConfiguration section */
		2D3FC0521D0EB2DC00A9949F /* Debug */ = {
			isa = XCBuildConfiguration;
			buildSettings = {
				ALWAYS_SEARCH_USER_PATHS = NO;
				CLANG_ANALYZER_NONNULL = YES;
				CLANG_CXX_LANGUAGE_STANDARD = "gnu++0x";
				CLANG_CXX_LIBRARY = "libc++";
				CLANG_ENABLE_MODULES = YES;
				CLANG_ENABLE_OBJC_ARC = YES;
				CLANG_WARN_BOOL_CONVERSION = YES;
				CLANG_WARN_CONSTANT_CONVERSION = YES;
				CLANG_WARN_DIRECT_OBJC_ISA_USAGE = YES_ERROR;
				CLANG_WARN_EMPTY_BODY = YES;
				CLANG_WARN_ENUM_CONVERSION = YES;
				CLANG_WARN_INT_CONVERSION = YES;
				CLANG_WARN_OBJC_ROOT_CLASS = YES_ERROR;
				CLANG_WARN_UNREACHABLE_CODE = YES;
				CLANG_WARN__DUPLICATE_METHOD_MATCH = YES;
				"CODE_SIGN_IDENTITY[sdk=iphoneos*]" = "iPhone Developer";
				COPY_PHASE_STRIP = NO;
				DEBUG_INFORMATION_FORMAT = dwarf;
				ENABLE_STRICT_OBJC_MSGSEND = YES;
				ENABLE_TESTABILITY = YES;
				GCC_C_LANGUAGE_STANDARD = gnu99;
				GCC_DYNAMIC_NO_PIC = NO;
				GCC_NO_COMMON_BLOCKS = YES;
				GCC_OPTIMIZATION_LEVEL = 0;
				GCC_PREPROCESSOR_DEFINITIONS = (
					"DEBUG=1",
					"$(inherited)",
				);
				GCC_WARN_64_TO_32_BIT_CONVERSION = YES;
				GCC_WARN_ABOUT_RETURN_TYPE = YES_ERROR;
				GCC_WARN_UNDECLARED_SELECTOR = YES;
				GCC_WARN_UNINITIALIZED_AUTOS = YES_AGGRESSIVE;
				GCC_WARN_UNUSED_FUNCTION = YES;
				GCC_WARN_UNUSED_VARIABLE = YES;
				IPHONEOS_DEPLOYMENT_TARGET = 9.3;
				MTL_ENABLE_DEBUG_INFO = YES;
				ONLY_ACTIVE_ARCH = YES;
				SDKROOT = iphoneos;
				SWIFT_OPTIMIZATION_LEVEL = "-Onone";
				TARGETED_DEVICE_FAMILY = "1,2";
			};
			name = Debug;
		};
		2D3FC0531D0EB2DC00A9949F /* Release */ = {
			isa = XCBuildConfiguration;
			buildSettings = {
				ALWAYS_SEARCH_USER_PATHS = NO;
				CLANG_ANALYZER_NONNULL = YES;
				CLANG_CXX_LANGUAGE_STANDARD = "gnu++0x";
				CLANG_CXX_LIBRARY = "libc++";
				CLANG_ENABLE_MODULES = YES;
				CLANG_ENABLE_OBJC_ARC = YES;
				CLANG_WARN_BOOL_CONVERSION = YES;
				CLANG_WARN_CONSTANT_CONVERSION = YES;
				CLANG_WARN_DIRECT_OBJC_ISA_USAGE = YES_ERROR;
				CLANG_WARN_EMPTY_BODY = YES;
				CLANG_WARN_ENUM_CONVERSION = YES;
				CLANG_WARN_INT_CONVERSION = YES;
				CLANG_WARN_OBJC_ROOT_CLASS = YES_ERROR;
				CLANG_WARN_UNREACHABLE_CODE = YES;
				CLANG_WARN__DUPLICATE_METHOD_MATCH = YES;
				"CODE_SIGN_IDENTITY[sdk=iphoneos*]" = "iPhone Developer";
				COPY_PHASE_STRIP = NO;
				DEBUG_INFORMATION_FORMAT = "dwarf-with-dsym";
				ENABLE_NS_ASSERTIONS = NO;
				ENABLE_STRICT_OBJC_MSGSEND = YES;
				GCC_C_LANGUAGE_STANDARD = gnu99;
				GCC_NO_COMMON_BLOCKS = YES;
				GCC_WARN_64_TO_32_BIT_CONVERSION = YES;
				GCC_WARN_ABOUT_RETURN_TYPE = YES_ERROR;
				GCC_WARN_UNDECLARED_SELECTOR = YES;
				GCC_WARN_UNINITIALIZED_AUTOS = YES_AGGRESSIVE;
				GCC_WARN_UNUSED_FUNCTION = YES;
				GCC_WARN_UNUSED_VARIABLE = YES;
				IPHONEOS_DEPLOYMENT_TARGET = 9.3;
				MTL_ENABLE_DEBUG_INFO = NO;
				SDKROOT = iphoneos;
				TARGETED_DEVICE_FAMILY = "1,2";
				VALIDATE_PRODUCT = YES;
			};
			name = Release;
		};
		2D3FC0551D0EB2DC00A9949F /* Debug */ = {
			isa = XCBuildConfiguration;
			buildSettings = {
				ASSETCATALOG_COMPILER_APPICON_NAME = AppIcon;
				INFOPLIST_FILE = SoccerCoordinator/Info.plist;
				LD_RUNPATH_SEARCH_PATHS = "$(inherited) @executable_path/Frameworks";
				PRODUCT_BUNDLE_IDENTIFIER = com.TreeHouse.SoccerCoordinator;
				PRODUCT_NAME = "$(TARGET_NAME)";
			};
			name = Debug;
		};
		2D3FC0561D0EB2DC00A9949F /* Release */ = {
			isa = XCBuildConfiguration;
			buildSettings = {
				ASSETCATALOG_COMPILER_APPICON_NAME = AppIcon;
				INFOPLIST_FILE = SoccerCoordinator/Info.plist;
				LD_RUNPATH_SEARCH_PATHS = "$(inherited) @executable_path/Frameworks";
				PRODUCT_BUNDLE_IDENTIFIER = com.TreeHouse.SoccerCoordinator;
				PRODUCT_NAME = "$(TARGET_NAME)";
			};
			name = Release;
		};
/* End XCBuildConfiguration section */

/* Begin XCConfigurationList section */
		2D3FC03D1D0EB2DC00A9949F /* Build configuration list for PBXProject "SoccerCoordinator" */ = {
			isa = XCConfigurationList;
			buildConfigurations = (
				2D3FC0521D0EB2DC00A9949F /* Debug */,
				2D3FC0531D0EB2DC00A9949F /* Release */,
			);
			defaultConfigurationIsVisible = 0;
			defaultConfigurationName = Release;
		};
		2D3FC0541D0EB2DC00A9949F /* Build configuration list for PBXNativeTarget "SoccerCoordinator" */ = {
			isa = XCConfigurationList;
			buildConfigurations = (
				2D3FC0551D0EB2DC00A9949F /* Debug */,
				2D3FC0561D0EB2DC00A9949F /* Release */,
			);
			defaultConfigurationIsVisible = 0;
			defaultConfigurationName = Release;
		};
/* End XCConfigurationList section */
	};
	rootObject = 2D3FC03A1D0EB2DC00A9949F /* Project object */;
}
